
Microsoft Visual Studio Solution File, Format Version 12.00
# Visual Studio Version 17
VisualStudioVersion = 17.13.35818.85 d17.13
MinimumVisualStudioVersion = 10.0.40219.1
Project("{FAE04EC0-301F-11D3-BF4B-00C04F79EFBC}") = "ProxyChecker", "ProxyChecker\ProxyChecker.csproj", "{F511CB65-795F-4E9F-830E-5BC5C8709B7E}"
EndProject
Global
	GlobalSection(SolutionConfigurationPlatforms) = preSolution
		Debug|Any CPU = Debug|Any CPU
		Release|Any CPU = Release|Any CPU
	EndGlobalSection
	GlobalSection(ProjectConfigurationPlatforms) = postSolution
		{F511CB65-795F-4E9F-830E-5BC5C8709B7E}.Debug|Any CPU.ActiveCfg = Debug|Any CPU
		{F511CB65-795F-4E9F-830E-5BC5C8709B7E}.Debug|Any CPU.Build.0 = Debug|Any CPU
		{F511CB65-795F-4E9F-830E-5BC5C8709B7E}.Release|Any CPU.ActiveCfg = Release|Any CPU
		{F511CB65-795F-4E9F-830E-5BC5C8709B7E}.Release|Any CPU.Build.0 = Release|Any CPU
	EndGlobalSection
	GlobalSection(SolutionProperties) = preSolution
		HideSolutionNode = FALSE
	EndGlobalSection
	GlobalSection(ExtensibilityGlobals) = postSolution
		SolutionGuid = {7350D3D2-7C6C-4ADD-B64F-E0FCC3BCFF04}
	EndGlobalSection
EndGlobal
